{
    "version": 3,
    "terraform_version": "0.9.11",
    "serial": 34,
    "lineage": "10b12b49-991d-4b32-b241-6efacb298fca",
    "modules": [
        {
            "path": [
                "root"
            ],
            "outputs": {},
            "resources": {
                "aws_autoscaling_group.master-linux-asg": {
                    "type": "aws_autoscaling_group",
                    "depends_on": [
                        "aws_launch_configuration.master-linux-lc",
                        "aws_subnet.MasterNodes"
                    ],
                    "primary": {
                        "id": "venus.je-master-linux",
                        "attributes": {
                            "arn": "arn:aws:autoscaling:eu-west-1:375012098440:autoScalingGroup:3f67c9bf-5d96-4d67-be35-7dfe21492ffc:autoScalingGroupName/venus.je-master-linux",
                            "availability_zones.#": "1",
                            "availability_zones.3953592328": "eu-west-1a",
                            "default_cooldown": "300",
                            "desired_capacity": "1",
                            "force_delete": "true",
                            "health_check_grace_period": "300",
                            "health_check_type": "EC2",
                            "id": "venus.je-master-linux",
                            "launch_configuration": "venus.je-master-linux-0043bbb761ac916a5d27913c37",
                            "load_balancers.#": "0",
                            "max_size": "1",
                            "metrics_granularity": "1Minute",
                            "min_size": "1",
                            "name": "venus.je-master-linux",
                            "placement_group": "",
                            "protect_from_scale_in": "false",
                            "suspended_processes.#": "0",
                            "tag.#": "1",
                            "tag.4130107837.key": "Name",
                            "tag.4130107837.propagate_at_launch": "true",
                            "tag.4130107837.value": "venus.je-master-linux",
                            "target_group_arns.#": "0",
                            "termination_policies.#": "0",
                            "vpc_zone_identifier.#": "1",
                            "vpc_zone_identifier.2297486457": "subnet-a90a6ee0",
                            "wait_for_capacity_timeout": "10m"
                        },
                        "meta": {},
                        "tainted": false
                    },
                    "deposed": [],
                    "provider": ""
                },
                "aws_autoscaling_group.node-linux-asg": {
                    "type": "aws_autoscaling_group",
                    "depends_on": [
                        "aws_launch_configuration.node-linux-lc",
                        "aws_subnet.Nodes"
                    ],
                    "primary": {
                        "id": "venus.je-node-linux",
                        "attributes": {
                            "arn": "arn:aws:autoscaling:eu-west-1:375012098440:autoScalingGroup:13b03187-dd9c-49e5-9775-3825c6a2e7db:autoScalingGroupName/venus.je-node-linux",
                            "availability_zones.#": "1",
                            "availability_zones.3953592328": "eu-west-1a",
                            "default_cooldown": "300",
                            "desired_capacity": "1",
                            "force_delete": "true",
                            "health_check_grace_period": "300",
                            "health_check_type": "EC2",
                            "id": "venus.je-node-linux",
                            "launch_configuration": "venus.je-node-linux-00dd4622ea662c582bf925d2cc",
                            "load_balancers.#": "0",
                            "max_size": "1",
                            "metrics_granularity": "1Minute",
                            "min_size": "1",
                            "name": "venus.je-node-linux",
                            "placement_group": "",
                            "protect_from_scale_in": "false",
                            "suspended_processes.#": "0",
                            "tag.#": "1",
                            "tag.2834972337.key": "Name",
                            "tag.2834972337.propagate_at_launch": "true",
                            "tag.2834972337.value": "venus.je-node-linux",
                            "target_group_arns.#": "0",
                            "termination_policies.#": "0",
                            "vpc_zone_identifier.#": "1",
                            "vpc_zone_identifier.2427912626": "subnet-7c167235",
                            "wait_for_capacity_timeout": "10m"
                        },
                        "meta": {},
                        "tainted": false
                    },
                    "deposed": [],
                    "provider": ""
                },
                "aws_eip.forNat": {
                    "type": "aws_eip",
                    "depends_on": [],
                    "primary": {
                        "id": "eipalloc-146a492e",
                        "attributes": {
                            "association_id": "eipassoc-ae795893",
                            "domain": "vpc",
                            "id": "eipalloc-146a492e",
                            "instance": "",
                            "network_interface": "eni-885ce4b7",
                            "private_ip": "10.111.1.165",
                            "public_ip": "34.250.25.85",
                            "vpc": "true"
                        },
                        "meta": {},
                        "tainted": false
                    },
                    "deposed": [],
                    "provider": ""
                },
                "aws_iam_instance_profile.bastion-nodes-profile": {
                    "type": "aws_iam_instance_profile",
                    "depends_on": [
                        "aws_iam_role.bastion-nodes-iam"
                    ],
                    "primary": {
                        "id": "venus.je-bastion-nodes-profile",
                        "attributes": {
                            "arn": "arn:aws:iam::375012098440:instance-profile/venus.je-bastion-nodes-profile",
                            "id": "venus.je-bastion-nodes-profile",
                            "name": "venus.je-bastion-nodes-profile",
                            "path": "/",
                            "role": "venus.je-bastion-role",
                            "roles.#": "1",
                            "roles.3125627340": "venus.je-bastion-role",
                            "unique_id": "AIPAI533CFAYGN2U6HHDM"
                        },
                        "meta": {},
                        "tainted": false
                    },
                    "deposed": [],
                    "provider": ""
                },
                "aws_iam_instance_profile.master-nodes-profile": {
                    "type": "aws_iam_instance_profile",
                    "depends_on": [
                        "aws_iam_role.master-nodes-iam"
                    ],
                    "primary": {
                        "id": "venus.je-master-nodes-profile",
                        "attributes": {
                            "arn": "arn:aws:iam::375012098440:instance-profile/venus.je-master-nodes-profile",
                            "id": "venus.je-master-nodes-profile",
                            "name": "venus.je-master-nodes-profile",
                            "path": "/",
                            "role": "venus.je-master-role",
                            "roles.#": "1",
                            "roles.3006779497": "venus.je-master-role",
                            "unique_id": "AIPAJNRA64SZVF4TDJLEW"
                        },
                        "meta": {},
                        "tainted": false
                    },
                    "deposed": [],
                    "provider": ""
                },
                "aws_iam_instance_profile.nodes-profile": {
                    "type": "aws_iam_instance_profile",
                    "depends_on": [
                        "aws_iam_role.nodes-iam"
                    ],
                    "primary": {
                        "id": "venus.je-nodes-profile",
                        "attributes": {
                            "arn": "arn:aws:iam::375012098440:instance-profile/venus.je-nodes-profile",
                            "id": "venus.je-nodes-profile",
                            "name": "venus.je-nodes-profile",
                            "path": "/",
                            "role": "venus.je-nodes-role",
                            "roles.#": "1",
                            "roles.1884259662": "venus.je-nodes-role",
                            "unique_id": "AIPAJFYM44VLIKDGYSGWY"
                        },
                        "meta": {},
                        "tainted": false
                    },
                    "deposed": [],
                    "provider": ""
                },
                "aws_iam_role.bastion-nodes-iam": {
                    "type": "aws_iam_role",
                    "depends_on": [],
                    "primary": {
                        "id": "venus.je-bastion-role",
                        "attributes": {
                            "arn": "arn:aws:iam::375012098440:role/venus.je-bastion-role",
                            "assume_role_policy": "{\"Version\":\"2012-10-17\",\"Statement\":[{\"Sid\":\"\",\"Effect\":\"Allow\",\"Principal\":{\"Service\":\"ec2.amazonaws.com\"},\"Action\":\"sts:AssumeRole\"}]}",
                            "create_date": "2017-08-30T14:40:25Z",
                            "id": "venus.je-bastion-role",
                            "name": "venus.je-bastion-role",
                            "path": "/",
                            "unique_id": "AROAIF75JEK5N5HHPXXPG"
                        },
                        "meta": {},
                        "tainted": false
                    },
                    "deposed": [],
                    "provider": ""
                },
                "aws_iam_role.master-nodes-iam": {
                    "type": "aws_iam_role",
                    "depends_on": [],
                    "primary": {
                        "id": "venus.je-master-role",
                        "attributes": {
                            "arn": "arn:aws:iam::375012098440:role/venus.je-master-role",
                            "assume_role_policy": "{\"Version\":\"2012-10-17\",\"Statement\":[{\"Sid\":\"\",\"Effect\":\"Allow\",\"Principal\":{\"Service\":\"ec2.amazonaws.com\"},\"Action\":\"sts:AssumeRole\"}]}",
                            "create_date": "2017-08-30T14:40:25Z",
                            "id": "venus.je-master-role",
                            "name": "venus.je-master-role",
                            "path": "/",
                            "unique_id": "AROAJ36V4QP7NEILND6SG"
                        },
                        "meta": {},
                        "tainted": false
                    },
                    "deposed": [],
                    "provider": ""
                },
                "aws_iam_role.nodes-iam": {
                    "type": "aws_iam_role",
                    "depends_on": [],
                    "primary": {
                        "id": "venus.je-nodes-role",
                        "attributes": {
                            "arn": "arn:aws:iam::375012098440:role/venus.je-nodes-role",
                            "assume_role_policy": "{\"Version\":\"2012-10-17\",\"Statement\":[{\"Sid\":\"\",\"Effect\":\"Allow\",\"Principal\":{\"Service\":\"ec2.amazonaws.com\"},\"Action\":\"sts:AssumeRole\"}]}",
                            "create_date": "2017-08-30T14:40:25Z",
                            "id": "venus.je-nodes-role",
                            "name": "venus.je-nodes-role",
                            "path": "/",
                            "unique_id": "AROAITONJ4KSO3MGTH4I4"
                        },
                        "meta": {},
                        "tainted": false
                    },
                    "deposed": [],
                    "provider": ""
                },
                "aws_instance.bastion-linux": {
                    "type": "aws_instance",
                    "depends_on": [
                        "aws_security_group.Bastion-Linux",
                        "aws_subnet.PublicAZA"
                    ],
                    "primary": {
                        "id": "i-002b7ca1f6a866499",
                        "attributes": {
                            "ami": "ami-785db401",
                            "associate_public_ip_address": "true",
                            "availability_zone": "eu-west-1a",
                            "disable_api_termination": "false",
                            "ebs_block_device.#": "0",
                            "ebs_optimized": "false",
                            "ephemeral_block_device.#": "0",
                            "iam_instance_profile": "",
                            "id": "i-002b7ca1f6a866499",
                            "instance_state": "running",
                            "instance_type": "t2.micro",
                            "ipv6_addresses.#": "0",
                            "key_name": "venus.je",
                            "monitoring": "false",
                            "network_interface.#": "0",
                            "network_interface_id": "eni-805de5bf",
                            "primary_network_interface_id": "eni-805de5bf",
                            "private_dns": "ip-10-111-1-242.eu-west-1.compute.internal",
                            "private_ip": "10.111.1.242",
                            "public_dns": "ec2-34-253-208-67.eu-west-1.compute.amazonaws.com",
                            "public_ip": "34.253.208.67",
                            "root_block_device.#": "1",
                            "root_block_device.0.delete_on_termination": "true",
                            "root_block_device.0.iops": "100",
                            "root_block_device.0.volume_size": "8",
                            "root_block_device.0.volume_type": "gp2",
                            "security_groups.#": "0",
                            "source_dest_check": "true",
                            "subnet_id": "subnet-29147060",
                            "tags.%": "1",
                            "tags.Name": "venus.je-bastion-linux",
                            "tenancy": "default",
                            "user_data": "d5ccf8adf6aedfb15700a80f2f0f4e0e32838b66",
                            "volume_tags.%": "0",
                            "vpc_security_group_ids.#": "1",
                            "vpc_security_group_ids.460973891": "sg-8c2763f4"
                        },
                        "meta": {
                            "e2bfb730-ecaa-11e6-8f88-34363bc7c4c0": {
                                "create": 600000000000,
                                "delete": 600000000000,
                                "update": 600000000000
                            },
                            "schema_version": "1"
                        },
                        "tainted": false
                    },
                    "deposed": [],
                    "provider": ""
                },
                "aws_instance.bastion-win": {
                    "type": "aws_instance",
                    "depends_on": [
                        "aws_security_group.Bastion-Win",
                        "aws_subnet.PublicAZA"
                    ],
                    "primary": {
                        "id": "i-09f9b8422bf910538",
                        "attributes": {
                            "ami": "ami-4763923e",
                            "associate_public_ip_address": "true",
                            "availability_zone": "eu-west-1a",
                            "disable_api_termination": "false",
                            "ebs_block_device.#": "0",
                            "ebs_optimized": "false",
                            "ephemeral_block_device.#": "0",
                            "iam_instance_profile": "",
                            "id": "i-09f9b8422bf910538",
                            "instance_state": "running",
                            "instance_type": "t2.medium",
                            "ipv6_addresses.#": "0",
                            "key_name": "venus.je",
                            "monitoring": "false",
                            "network_interface.#": "0",
                            "network_interface_id": "eni-3a5de505",
                            "primary_network_interface_id": "eni-3a5de505",
                            "private_dns": "ip-10-111-1-61.eu-west-1.compute.internal",
                            "private_ip": "10.111.1.61",
                            "public_dns": "ec2-54-171-175-79.eu-west-1.compute.amazonaws.com",
                            "public_ip": "54.171.175.79",
                            "root_block_device.#": "1",
                            "root_block_device.0.delete_on_termination": "true",
                            "root_block_device.0.iops": "100",
                            "root_block_device.0.volume_size": "30",
                            "root_block_device.0.volume_type": "gp2",
                            "security_groups.#": "0",
                            "source_dest_check": "true",
                            "subnet_id": "subnet-29147060",
                            "tags.%": "1",
                            "tags.Name": "venus.je-bastion-windows",
                            "tenancy": "default",
                            "user_data": "d5ccf8adf6aedfb15700a80f2f0f4e0e32838b66",
                            "volume_tags.%": "0",
                            "vpc_security_group_ids.#": "1",
                            "vpc_security_group_ids.1485635278": "sg-8e2266f6"
                        },
                        "meta": {
                            "e2bfb730-ecaa-11e6-8f88-34363bc7c4c0": {
                                "create": 600000000000,
                                "delete": 600000000000,
                                "update": 600000000000
                            },
                            "schema_version": "1"
                        },
                        "tainted": false
                    },
                    "deposed": [],
                    "provider": ""
                },
                "aws_internet_gateway.gw": {
                    "type": "aws_internet_gateway",
                    "depends_on": [
                        "aws_vpc.terraformmain"
                    ],
                    "primary": {
                        "id": "igw-9e4370fa",
                        "attributes": {
                            "id": "igw-9e4370fa",
                            "tags.%": "1",
                            "tags.Name": "venus.je internet gw",
                            "vpc_id": "vpc-4c385c2b"
                        },
                        "meta": {},
                        "tainted": false
                    },
                    "deposed": [],
                    "provider": ""
                },
                "aws_key_pair.keypair": {
                    "type": "aws_key_pair",
                    "depends_on": [],
                    "primary": {
                        "id": "venus.je",
                        "attributes": {
                            "fingerprint": "08:34:ae:1b:58:7b:d5:93:3d:ed:1b:0e:8c:99:da:84",
                            "id": "venus.je",
                            "key_name": "venus.je",
                            "public_key": "ssh-rsa AAAAB3NzaC1yc2EAAAADAQABAAABAQC+bJaWjRRhj6SG/kzWB8J3ostt9g5WHfXQ0jkqUInBGa7xrcMZzG50rNAVcbSKdA5LNe2iRxioYRAs1sboypFh4i6ggoU6FyLgel76RBiN7emEfvWc/fDyXnxCZ8BFVjGzfRlm99bawDsvtk1TKQ5rCohy6QxhmJAwEQ1EVHnKlfTEMz+Mu33oozUlvS0zm0PwptlKK1cg2NW7B9hG5b5QHCtozlbm4a5hGxTZ5SGVSzY82LHAjIH3OKt95DXa1tcRHwuvjGyO1y6Ign3P4vaDl2cZk/kD1JfoKM7hF1tI3N0lFQpvIxKJNxuTu7k51D71SAYAWWTZRAVMDZDpHCu9 operry@887baa1826b0"
                        },
                        "meta": {
                            "schema_version": "1"
                        },
                        "tainted": false
                    },
                    "deposed": [],
                    "provider": ""
                },
                "aws_launch_configuration.master-linux-lc": {
                    "type": "aws_launch_configuration",
                    "depends_on": [],
                    "primary": {
                        "id": "venus.je-master-linux-0043bbb761ac916a5d27913c37",
                        "attributes": {
                            "associate_public_ip_address": "false",
                            "ebs_block_device.#": "0",
                            "ebs_optimized": "false",
                            "enable_monitoring": "true",
                            "ephemeral_block_device.#": "0",
                            "iam_instance_profile": "venus.je-master-nodes-profile",
                            "id": "venus.je-master-linux-0043bbb761ac916a5d27913c37",
                            "image_id": "ami-785db401",
                            "instance_type": "t2.medium",
                            "key_name": "venus.je",
                            "name": "venus.je-master-linux-0043bbb761ac916a5d27913c37",
                            "name_prefix": "venus.je-master-linux-",
                            "root_block_device.#": "0",
                            "security_groups.#": "1",
                            "security_groups.4273980149": "sg-2720645f",
                            "spot_price": "",
                            "user_data": "b26d523ea45a31655a7aa250e8bab21bf068f1c1",
                            "vpc_classic_link_id": "",
                            "vpc_classic_link_security_groups.#": "0"
                        },
                        "meta": {},
                        "tainted": false
                    },
                    "deposed": [],
                    "provider": ""
                },
                "aws_launch_configuration.node-linux-lc": {
                    "type": "aws_launch_configuration",
                    "depends_on": [
                        "aws_iam_instance_profile.nodes-profile",
                        "aws_security_group.Node"
                    ],
                    "primary": {
                        "id": "venus.je-node-linux-00dd4622ea662c582bf925d2cc",
                        "attributes": {
                            "associate_public_ip_address": "false",
                            "ebs_block_device.#": "0",
                            "ebs_optimized": "false",
                            "enable_monitoring": "true",
                            "ephemeral_block_device.#": "0",
                            "iam_instance_profile": "venus.je-nodes-profile",
                            "id": "venus.je-node-linux-00dd4622ea662c582bf925d2cc",
                            "image_id": "ami-785db401",
                            "instance_type": "t2.medium",
                            "key_name": "venus.je",
                            "name": "venus.je-node-linux-00dd4622ea662c582bf925d2cc",
                            "name_prefix": "venus.je-node-linux-",
                            "root_block_device.#": "0",
                            "security_groups.#": "1",
                            "security_groups.1674625231": "sg-2c410554",
                            "spot_price": "",
                            "user_data": "dc4c1769e4264b6fc3cebdfafde9d5fc90d40063",
                            "vpc_classic_link_id": "",
                            "vpc_classic_link_security_groups.#": "0"
                        },
                        "meta": {},
                        "tainted": false
                    },
                    "deposed": [],
                    "provider": ""
                },
                "aws_nat_gateway.PublicAZA": {
                    "type": "aws_nat_gateway",
                    "depends_on": [
                        "aws_eip.forNat",
                        "aws_internet_gateway.gw",
                        "aws_subnet.PublicAZA"
                    ],
                    "primary": {
                        "id": "nat-0659d05f81fe1f3dd",
                        "attributes": {
                            "allocation_id": "eipalloc-146a492e",
                            "id": "nat-0659d05f81fe1f3dd",
                            "network_interface_id": "eni-885ce4b7",
                            "private_ip": "10.111.1.165",
                            "public_ip": "34.250.25.85",
                            "subnet_id": "subnet-29147060"
                        },
                        "meta": {},
                        "tainted": false
                    },
                    "deposed": [],
                    "provider": ""
                },
                "aws_network_acl.all": {
                    "type": "aws_network_acl",
                    "depends_on": [
                        "aws_vpc.terraformmain"
                    ],
                    "primary": {
                        "id": "acl-5e596439",
                        "attributes": {
                            "egress.#": "1",
                            "egress.2943206146.action": "allow",
                            "egress.2943206146.cidr_block": "0.0.0.0/0",
                            "egress.2943206146.from_port": "0",
                            "egress.2943206146.icmp_code": "0",
                            "egress.2943206146.icmp_type": "0",
                            "egress.2943206146.ipv6_cidr_block": "",
                            "egress.2943206146.protocol": "-1",
                            "egress.2943206146.rule_no": "2",
                            "egress.2943206146.to_port": "0",
                            "id": "acl-5e596439",
                            "ingress.#": "1",
                            "ingress.1564094202.action": "allow",
                            "ingress.1564094202.cidr_block": "0.0.0.0/0",
                            "ingress.1564094202.from_port": "0",
                            "ingress.1564094202.icmp_code": "0",
                            "ingress.1564094202.icmp_type": "0",
                            "ingress.1564094202.ipv6_cidr_block": "",
                            "ingress.1564094202.protocol": "-1",
                            "ingress.1564094202.rule_no": "1",
                            "ingress.1564094202.to_port": "0",
                            "subnet_ids.#": "0",
                            "tags.%": "1",
                            "tags.Name": "venus.je-open-acl",
                            "vpc_id": "vpc-4c385c2b"
                        },
                        "meta": {},
                        "tainted": false
                    },
                    "deposed": [],
                    "provider": ""
                },
                "aws_route_table.private": {
                    "type": "aws_route_table",
                    "depends_on": [
                        "aws_nat_gateway.PublicAZA",
                        "aws_vpc.terraformmain"
                    ],
                    "primary": {
                        "id": "rtb-9c77b4fa",
                        "attributes": {
                            "id": "rtb-9c77b4fa",
                            "propagating_vgws.#": "0",
                            "route.#": "1",
                            "route.2152423877.cidr_block": "0.0.0.0/0",
                            "route.2152423877.egress_only_gateway_id": "",
                            "route.2152423877.gateway_id": "",
                            "route.2152423877.instance_id": "",
                            "route.2152423877.ipv6_cidr_block": "",
                            "route.2152423877.nat_gateway_id": "nat-0659d05f81fe1f3dd",
                            "route.2152423877.network_interface_id": "",
                            "route.2152423877.vpc_peering_connection_id": "",
                            "tags.%": "1",
                            "tags.Name": "venus.je-Private",
                            "vpc_id": "vpc-4c385c2b"
                        },
                        "meta": {},
                        "tainted": false
                    },
                    "deposed": [],
                    "provider": ""
                },
                "aws_route_table.public": {
                    "type": "aws_route_table",
                    "depends_on": [
                        "aws_internet_gateway.gw",
                        "aws_vpc.terraformmain"
                    ],
                    "primary": {
                        "id": "rtb-1275b674",
                        "attributes": {
                            "id": "rtb-1275b674",
                            "propagating_vgws.#": "0",
                            "route.#": "1",
                            "route.3048301035.cidr_block": "0.0.0.0/0",
                            "route.3048301035.egress_only_gateway_id": "",
                            "route.3048301035.gateway_id": "igw-9e4370fa",
                            "route.3048301035.instance_id": "",
                            "route.3048301035.ipv6_cidr_block": "",
                            "route.3048301035.nat_gateway_id": "",
                            "route.3048301035.network_interface_id": "",
                            "route.3048301035.vpc_peering_connection_id": "",
                            "tags.%": "1",
                            "tags.Name": "venus.je-Public",
                            "vpc_id": "vpc-4c385c2b"
                        },
                        "meta": {},
                        "tainted": false
                    },
                    "deposed": [],
                    "provider": ""
                },
                "aws_route_table_association.MasterNodes": {
                    "type": "aws_route_table_association",
                    "depends_on": [
                        "aws_route_table.private",
                        "aws_subnet.MasterNodes"
                    ],
                    "primary": {
                        "id": "rtbassoc-9834f6e1",
                        "attributes": {
                            "id": "rtbassoc-9834f6e1",
                            "route_table_id": "rtb-9c77b4fa",
                            "subnet_id": "subnet-a90a6ee0"
                        },
                        "meta": {},
                        "tainted": false
                    },
                    "deposed": [],
                    "provider": ""
                },
                "aws_route_table_association.Nodes": {
                    "type": "aws_route_table_association",
                    "depends_on": [
                        "aws_route_table.private",
                        "aws_subnet.Nodes"
                    ],
                    "primary": {
                        "id": "rtbassoc-0231f37b",
                        "attributes": {
                            "id": "rtbassoc-0231f37b",
                            "route_table_id": "rtb-9c77b4fa",
                            "subnet_id": "subnet-7c167235"
                        },
                        "meta": {},
                        "tainted": false
                    },
                    "deposed": [],
                    "provider": ""
                },
                "aws_route_table_association.PublicAZA": {
                    "type": "aws_route_table_association",
                    "depends_on": [
                        "aws_route_table.public",
                        "aws_subnet.PublicAZA"
                    ],
                    "primary": {
                        "id": "rtbassoc-b634f6cf",
                        "attributes": {
                            "id": "rtbassoc-b634f6cf",
                            "route_table_id": "rtb-1275b674",
                            "subnet_id": "subnet-29147060"
                        },
                        "meta": {},
                        "tainted": false
                    },
                    "deposed": [],
                    "provider": ""
                },
                "aws_s3_bucket.bucket": {
                    "type": "aws_s3_bucket",
                    "depends_on": [],
                    "primary": {
                        "id": "venus.je-k8s-state",
                        "attributes": {
                            "acceleration_status": "",
                            "acl": "private",
                            "arn": "arn:aws:s3:::venus.je-k8s-state",
                            "bucket": "venus.je-k8s-state",
                            "bucket_domain_name": "venus.je-k8s-state.s3.amazonaws.com",
                            "force_destroy": "false",
                            "hosted_zone_id": "Z1BKCTXD74EZPE",
                            "id": "venus.je-k8s-state",
                            "logging.#": "0",
                            "region": "eu-west-1",
                            "request_payer": "BucketOwner",
                            "tags.%": "1",
                            "tags.Name": "venus.je-k8s-state",
                            "versioning.#": "1",
                            "versioning.0.enabled": "false",
                            "versioning.0.mfa_delete": "false",
                            "website.#": "0"
                        },
                        "meta": {},
                        "tainted": false
                    },
                    "deposed": [],
                    "provider": ""
                },
                "aws_s3_bucket_object.object": {
                    "type": "aws_s3_bucket_object",
                    "depends_on": [
                        "aws_s3_bucket.bucket"
                    ],
                    "primary": {
                        "id": "master-startup.sh",
                        "attributes": {
                            "acl": "private",
                            "bucket": "venus.je-k8s-state",
                            "cache_control": "",
                            "content_disposition": "",
                            "content_encoding": "",
                            "content_language": "",
                            "content_type": "binary/octet-stream",
                            "etag": "3eb827c5d2a17b30b84e5912aaa89710",
                            "id": "master-startup.sh",
                            "key": "master-startup.sh",
                            "server_side_encryption": "",
                            "source": "startup-master-node.sh",
                            "storage_class": "STANDARD",
                            "tags.%": "0",
                            "version_id": ""
                        },
                        "meta": {},
                        "tainted": false
                    },
                    "deposed": [],
                    "provider": ""
                },
                "aws_security_group.Bastion-Linux": {
                    "type": "aws_security_group",
                    "depends_on": [
                        "aws_vpc.terraformmain"
                    ],
                    "primary": {
                        "id": "sg-8c2763f4",
                        "attributes": {
                            "description": "bastion linux connections",
                            "egress.#": "1",
                            "egress.482069346.cidr_blocks.#": "1",
                            "egress.482069346.cidr_blocks.0": "0.0.0.0/0",
                            "egress.482069346.from_port": "0",
                            "egress.482069346.ipv6_cidr_blocks.#": "0",
                            "egress.482069346.prefix_list_ids.#": "0",
                            "egress.482069346.protocol": "-1",
                            "egress.482069346.security_groups.#": "0",
                            "egress.482069346.self": "false",
                            "egress.482069346.to_port": "0",
                            "id": "sg-8c2763f4",
                            "ingress.#": "1",
                            "ingress.2541437006.cidr_blocks.#": "1",
                            "ingress.2541437006.cidr_blocks.0": "0.0.0.0/0",
                            "ingress.2541437006.from_port": "22",
                            "ingress.2541437006.ipv6_cidr_blocks.#": "0",
                            "ingress.2541437006.protocol": "TCP",
                            "ingress.2541437006.security_groups.#": "0",
                            "ingress.2541437006.self": "false",
                            "ingress.2541437006.to_port": "22",
                            "name": "venus.je-bastion-linux",
                            "owner_id": "375012098440",
                            "tags.%": "1",
                            "tags.Name": "venus.je-bastion-linux",
                            "vpc_id": "vpc-4c385c2b"
                        },
                        "meta": {},
                        "tainted": false
                    },
                    "deposed": [],
                    "provider": ""
                },
                "aws_security_group.Bastion-Win": {
                    "type": "aws_security_group",
                    "depends_on": [
                        "aws_vpc.terraformmain"
                    ],
                    "primary": {
                        "id": "sg-8e2266f6",
                        "attributes": {
                            "description": "bastion win connections",
                            "egress.#": "1",
                            "egress.482069346.cidr_blocks.#": "1",
                            "egress.482069346.cidr_blocks.0": "0.0.0.0/0",
                            "egress.482069346.from_port": "0",
                            "egress.482069346.ipv6_cidr_blocks.#": "0",
                            "egress.482069346.prefix_list_ids.#": "0",
                            "egress.482069346.protocol": "-1",
                            "egress.482069346.security_groups.#": "0",
                            "egress.482069346.self": "false",
                            "egress.482069346.to_port": "0",
                            "id": "sg-8e2266f6",
                            "ingress.#": "1",
                            "ingress.2223400681.cidr_blocks.#": "1",
                            "ingress.2223400681.cidr_blocks.0": "0.0.0.0/0",
                            "ingress.2223400681.from_port": "3389",
                            "ingress.2223400681.ipv6_cidr_blocks.#": "0",
                            "ingress.2223400681.protocol": "TCP",
                            "ingress.2223400681.security_groups.#": "0",
                            "ingress.2223400681.self": "false",
                            "ingress.2223400681.to_port": "3389",
                            "name": "venus.je-bastion-win",
                            "owner_id": "375012098440",
                            "tags.%": "1",
                            "tags.Name": "venus.je-bastion-win",
                            "vpc_id": "vpc-4c385c2b"
                        },
                        "meta": {},
                        "tainted": false
                    },
                    "deposed": [],
                    "provider": ""
                },
                "aws_security_group.Master-Linux": {
                    "type": "aws_security_group",
                    "depends_on": [
                        "aws_vpc.terraformmain"
                    ],
                    "primary": {
                        "id": "sg-2720645f",
                        "attributes": {
                            "description": "master linux connections",
                            "egress.#": "1",
                            "egress.482069346.cidr_blocks.#": "1",
                            "egress.482069346.cidr_blocks.0": "0.0.0.0/0",
                            "egress.482069346.from_port": "0",
                            "egress.482069346.ipv6_cidr_blocks.#": "0",
                            "egress.482069346.prefix_list_ids.#": "0",
                            "egress.482069346.protocol": "-1",
                            "egress.482069346.security_groups.#": "0",
                            "egress.482069346.self": "false",
                            "egress.482069346.to_port": "0",
                            "id": "sg-2720645f",
                            "ingress.#": "1",
                            "ingress.2541437006.cidr_blocks.#": "1",
                            "ingress.2541437006.cidr_blocks.0": "0.0.0.0/0",
                            "ingress.2541437006.from_port": "22",
                            "ingress.2541437006.ipv6_cidr_blocks.#": "0",
                            "ingress.2541437006.protocol": "TCP",
                            "ingress.2541437006.security_groups.#": "0",
                            "ingress.2541437006.self": "false",
                            "ingress.2541437006.to_port": "22",
                            "name": "venus.je-master-linux",
                            "owner_id": "375012098440",
                            "tags.%": "1",
                            "tags.Name": "venus.je-master-linux",
                            "vpc_id": "vpc-4c385c2b"
                        },
                        "meta": {},
                        "tainted": false
                    },
                    "deposed": [],
                    "provider": ""
                },
                "aws_security_group.Node": {
                    "type": "aws_security_group",
                    "depends_on": [
                        "aws_vpc.terraformmain"
                    ],
                    "primary": {
                        "id": "sg-2c410554",
                        "attributes": {
                            "description": "master node connections",
                            "egress.#": "1",
                            "egress.482069346.cidr_blocks.#": "1",
                            "egress.482069346.cidr_blocks.0": "0.0.0.0/0",
                            "egress.482069346.from_port": "0",
                            "egress.482069346.ipv6_cidr_blocks.#": "0",
                            "egress.482069346.prefix_list_ids.#": "0",
                            "egress.482069346.protocol": "-1",
                            "egress.482069346.security_groups.#": "0",
                            "egress.482069346.self": "false",
                            "egress.482069346.to_port": "0",
                            "id": "sg-2c410554",
                            "ingress.#": "1",
                            "ingress.2541437006.cidr_blocks.#": "1",
                            "ingress.2541437006.cidr_blocks.0": "0.0.0.0/0",
                            "ingress.2541437006.from_port": "22",
                            "ingress.2541437006.ipv6_cidr_blocks.#": "0",
                            "ingress.2541437006.protocol": "TCP",
                            "ingress.2541437006.security_groups.#": "0",
                            "ingress.2541437006.self": "false",
                            "ingress.2541437006.to_port": "22",
                            "name": "venus.je-node",
                            "owner_id": "375012098440",
                            "tags.%": "1",
                            "tags.Name": "venus.je-node",
                            "vpc_id": "vpc-4c385c2b"
                        },
                        "meta": {},
                        "tainted": false
                    },
                    "deposed": [],
                    "provider": ""
                },
                "aws_subnet.MasterNodes": {
                    "type": "aws_subnet",
                    "depends_on": [
                        "aws_vpc.terraformmain"
                    ],
                    "primary": {
                        "id": "subnet-a90a6ee0",
                        "attributes": {
                            "assign_ipv6_address_on_creation": "false",
                            "availability_zone": "eu-west-1a",
                            "cidr_block": "10.111.2.0/24",
                            "id": "subnet-a90a6ee0",
                            "map_public_ip_on_launch": "false",
                            "tags.%": "1",
                            "tags.Name": "venus.je-MasterNodes",
                            "vpc_id": "vpc-4c385c2b"
                        },
                        "meta": {
                            "schema_version": "1"
                        },
                        "tainted": false
                    },
                    "deposed": [],
                    "provider": ""
                },
                "aws_subnet.Nodes": {
                    "type": "aws_subnet",
                    "depends_on": [
                        "aws_vpc.terraformmain"
                    ],
                    "primary": {
                        "id": "subnet-7c167235",
                        "attributes": {
                            "assign_ipv6_address_on_creation": "false",
                            "availability_zone": "eu-west-1a",
                            "cidr_block": "10.111.3.0/24",
                            "id": "subnet-7c167235",
                            "map_public_ip_on_launch": "false",
                            "tags.%": "1",
                            "tags.Name": "venus.je-Nodes",
                            "vpc_id": "vpc-4c385c2b"
                        },
                        "meta": {
                            "schema_version": "1"
                        },
                        "tainted": false
                    },
                    "deposed": [],
                    "provider": ""
                },
                "aws_subnet.PublicAZA": {
                    "type": "aws_subnet",
                    "depends_on": [
                        "aws_vpc.terraformmain"
                    ],
                    "primary": {
                        "id": "subnet-29147060",
                        "attributes": {
                            "assign_ipv6_address_on_creation": "false",
                            "availability_zone": "eu-west-1a",
                            "cidr_block": "10.111.1.0/24",
                            "id": "subnet-29147060",
                            "map_public_ip_on_launch": "false",
                            "tags.%": "1",
                            "tags.Name": "venus.je-Public",
                            "vpc_id": "vpc-4c385c2b"
                        },
                        "meta": {
                            "schema_version": "1"
                        },
                        "tainted": false
                    },
                    "deposed": [],
                    "provider": ""
                },
                "aws_vpc.terraformmain": {
                    "type": "aws_vpc",
                    "depends_on": [],
                    "primary": {
                        "id": "vpc-4c385c2b",
                        "attributes": {
                            "assign_generated_ipv6_cidr_block": "false",
                            "cidr_block": "10.111.0.0/16",
                            "default_network_acl_id": "acl-bc5d60db",
                            "default_route_table_id": "rtb-1575b673",
                            "default_security_group_id": "sg-5a266222",
                            "dhcp_options_id": "dopt-c046b9a7",
                            "enable_classiclink": "false",
                            "enable_dns_hostnames": "true",
                            "enable_dns_support": "true",
                            "id": "vpc-4c385c2b",
                            "instance_tenancy": "default",
                            "main_route_table_id": "rtb-1575b673",
                            "tags.%": "1",
                            "tags.Name": "venus.je-K8s-cluster"
                        },
                        "meta": {
                            "schema_version": "1"
                        },
                        "tainted": false
                    },
                    "deposed": [],
                    "provider": ""
                },
                "aws_vpc_dhcp_options.mydhcp": {
                    "type": "aws_vpc_dhcp_options",
                    "depends_on": [],
                    "primary": {
                        "id": "dopt-c046b9a7",
                        "attributes": {
                            "domain_name": "venus.internal",
                            "domain_name_servers.#": "1",
                            "domain_name_servers.0": "AmazonProvidedDNS",
                            "id": "dopt-c046b9a7",
                            "tags.%": "1",
                            "tags.Name": "internal dhcp option"
                        },
                        "meta": {},
                        "tainted": false
                    },
                    "deposed": [],
                    "provider": ""
                },
                "aws_vpc_dhcp_options_association.dns_resolver": {
                    "type": "aws_vpc_dhcp_options_association",
                    "depends_on": [
                        "aws_vpc.terraformmain",
                        "aws_vpc_dhcp_options.mydhcp"
                    ],
                    "primary": {
                        "id": "dopt-c046b9a7-vpc-4c385c2b",
                        "attributes": {
                            "dhcp_options_id": "dopt-c046b9a7",
                            "id": "dopt-c046b9a7-vpc-4c385c2b",
                            "vpc_id": "vpc-4c385c2b"
                        },
                        "meta": {},
                        "tainted": false
                    },
                    "deposed": [],
                    "provider": ""
                },
                "data.aws_availability_zones.available": {
                    "type": "aws_availability_zones",
                    "depends_on": [],
                    "primary": {
                        "id": "2017-09-01 09:35:53.9359169 +0000 UTC",
                        "attributes": {
                            "id": "2017-09-01 09:35:53.9359169 +0000 UTC",
                            "names.#": "3",
                            "names.0": "eu-west-1a",
                            "names.1": "eu-west-1b",
                            "names.2": "eu-west-1c"
                        },
                        "meta": {},
                        "tainted": false
                    },
                    "deposed": [],
                    "provider": ""
                },
                "data.template_file.userdata-master": {
                    "type": "template_file",
                    "depends_on": [
                        "aws_s3_bucket.bucket"
                    ],
                    "primary": {
                        "id": "76906bd913b8e408eb8d33789e3e47ba49e32249e1e2bac482ee5f43cc9d12f1",
                        "attributes": {
                            "id": "76906bd913b8e408eb8d33789e3e47ba49e32249e1e2bac482ee5f43cc9d12f1",
                            "rendered": "#!/bin/bash\r\n\r\ncat \u003e/startup.sh \u003c\u003cEOL\r\n#!/bin/bash\r\nS3_BUCKET=venus.je-k8s-state\r\nK8S_VERSION=1.7.3\r\nTUNNEL_MODE=geneve\r\nLOCAL_IP=$(ip addr | grep 'state UP' -A2 | tail -n1 | awk -F'[/ ]+' '{print $3}')\r\nMASTER_IP=$(ip addr | grep 'state UP' -A2 | tail -n1 | awk -F'[/ ]+' '{print $3}')\r\nHOSTNAME=`hostname`\r\nK8S_VERSION=1.7.3\r\nK8S_POD_SUBNET=10.244.0.0/16\r\nK8S_NODE_POD_SUBNET=10.244.1.0/24\r\nK8S_SERVICE_SUBNET=10.100.0.0/16\r\nK8S_API_SERVICE_IP=10.100.0.1\r\nK8S_DNS_VERSION=1.13.0\r\nK8S_DNS_SERVICE_IP=10.100.0.10\r\nK8S_DNS_DOMAIN=cluster.local\r\nETCD_VERSION=3.1.1\r\nMASTER_INTERNAL_IP=10.244.1.2\r\n\r\novn-nbctl set-connection ptcp:6641\r\novn-sbctl set-connection ptcp:6642\r\n\r\novs-vsctl set Open_vSwitch . external_ids:ovn-remote=\"tcp:\\$MASTER_IP:6642\" \\\r\n  external_ids:ovn-nb=\"tcp:\\$MASTER_IP:6641\" \\\r\n  external_ids:ovn-encap-ip=\"\\$LOCAL_IP\" \\\r\n  external_ids:ovn-encap-type=\"\\$TUNNEL_MODE\"\r\novs-vsctl get Open_vSwitch . external_ids\r\n\r\ncd ~/kubernetes-ovn-heterogeneous-cluster/master\r\n\r\nrm -rf tmp\r\nmkdir tmp\r\ncp -R make-certs openssl.cnf kubedns-* manifests systemd tmp/\r\n\r\n# The following is needed for now, because OVS can't route from pod network to node.\r\n\r\nsed -i\"*\" \"s|__K8S_VERSION__|\\$K8S_VERSION|g\" tmp/manifests/*.yaml\r\nsed -i\"*\" \"s|__K8S_VERSION__|\\$K8S_VERSION|g\" tmp/systemd/kubelet.service\r\nsed -i\"*\" \"s|__ETCD_VERSION__|\\$ETCD_VERSION|g\" tmp/systemd/etcd3.service\r\nsed -i\"*\" \"s|__MASTER_IP__|\\$MASTER_IP|g\" tmp/manifests/*.yaml\r\nsed -i\"*\" \"s|__MASTER_IP__|\\$MASTER_IP|g\" tmp/systemd/kubelet.service\r\nsed -i\"*\" \"s|__MASTER_IP__|\\$MASTER_IP|g\" tmp/openssl.cnf\r\nsed -i\"*\" \"s|__MASTER_INTERNAL_IP__|\\$MASTER_INTERNAL_IP|g\" tmp/manifests/*.yaml\r\nsed -i\"*\" \"s|__HOSTNAME__|\\$HOSTNAME|g\" tmp/systemd/kubelet.service\r\nsed -i\"*\" \"s|__HOSTNAME__|\\$HOSTNAME|g\" tmp/make-certs\r\nsed -i\"*\" \"s|__HOSTNAME__|\\$HOSTNAME|g\" tmp/openssl.cnf\r\nsed -i\"*\" \"s|__K8S_API_SERVICE_IP__|\\$K8S_API_SERVICE_IP|g\" tmp/openssl.cnf\r\nsed -i\"*\" \"s|__K8S_POD_SUBNET__|\\$K8S_POD_SUBNET|g\" tmp/manifests/*.yaml\r\nsed -i\"*\" \"s|__K8S_SERVICE_SUBNET__|\\$K8S_SERVICE_SUBNET|g\" tmp/manifests/*.yaml\r\nsed -i\"*\" \"s|__K8S_DNS_SERVICE_IP__|\\$K8S_DNS_SERVICE_IP|g\" tmp/systemd/kubelet.service\r\nsed -i\"*\" \"s|__K8S_DNS_DOMAIN__|\\$K8S_DNS_DOMAIN|g\" tmp/systemd/kubelet.service\r\nsed -i\"*\" \"s|__K8S_DNS_SERVICE_IP__|\\$K8S_DNS_SERVICE_IP|g\" tmp/kubedns-service.yaml\r\nsed -i\"*\" \"s|__K8S_DNS_VERSION__|\\$K8S_DNS_VERSION|g\" tmp/kubedns-deployment.yaml\r\nsed -i\"*\" \"s|__K8S_DNS_DOMAIN__|\\$K8S_DNS_DOMAIN|g\" tmp/*.*\r\n\r\ncp -R tmp/systemd/*.service /etc/systemd/system/\r\nsystemctl daemon-reload\r\nsystemctl enable etcd3\r\nsystemctl start etcd3\r\n\r\ncd tmp\r\nchmod +x make-certs\r\n./make-certs\r\ncd ..\r\n\r\nmkdir -p /etc/kubernetes\r\ncp -R tmp/manifests /etc/kubernetes/\r\n\r\nsystemctl enable kubelet\r\nsystemctl start kubelet\r\n\r\nkubectl config set-cluster default-cluster --server=https://\\$MASTER_IP --certificate-authority=/etc/kubernetes/tls/ca.pem\r\nkubectl config set-credentials default-admin --certificate-authority=/etc/kubernetes/tls/ca.pem --client-key=/etc/kubernetes/tls/admin-key.pem --client-certificate=/etc/kubernetes/tls/admin.pem\r\nkubectl config set-context local --cluster=default-cluster --user=default-admin\r\nkubectl config use-context local\r\n\r\n\r\nexport TOKEN=$(kubectl describe secret $(kubectl get secrets | grep default | cut -f1 -d ' ') | grep -E '^token' | cut -f2 -d':' | tr -d '\\t')\r\n\r\novs-vsctl set Open_vSwitch . external_ids:k8s-api-server=\"https://\\$MASTER_IP\" external_ids:k8s-api-token=\"\\$TOKEN\"\r\n\r\nln -fs /etc/kubernetes/tls/ca.pem /etc/openvswitch/k8s-ca.crt\r\n\r\nmkdir -p /opt/cni/bin \u0026\u0026 cd /opt/cni/bin\r\ncurl -Lskj -o cni.tar.gz https://github.com/containernetworking/cni/releases/download/v0.4.0/cni-v0.4.0.tgz\r\ntar zxf cni.tar.gz\r\nrm -f cni.tar.gz\r\n\r\ncd ~\r\ngit clone https://github.com/openvswitch/ovn-kubernetes\r\ncd ovn-kubernetes\r\n\r\npip install --upgrade --prefix=/usr/local --ignore-installed .\r\n\r\novn-k8s-overlay minion-init \\\r\n  --cluster-ip-subnet=\"\\$K8S_POD_SUBNET\" \\\r\n  --minion-switch-subnet=\"\\$K8S_NODE_POD_SUBNET\" \\\r\n  --node-name=\"\\$HOSTNAME\"\r\n\r\nsystemctl enable kubelet\r\nsystemctl start kubelet\r\n\r\necho \\$MASTER_IP \u003e /masterip\r\naws s3 cp /masterip s3://\\$S3_BUCKET/masterip\r\naws s3 cp /etc/kubernetes/tls/ca-key.pem s3://\\$S3_BUCKET/tls/ca-key.pem\r\naws s3 cp /etc/kubernetes/tls/ca.pem s3://\\$S3_BUCKET/tls/ca.pem\r\naws s3 cp /etc/kubernetes/tls/admin-key.pem s3://\\$S3_BUCKET/admin/admin-key.pem\r\naws s3 cp /etc/kubernetes/tls/admin.pem s3://\\$S3_BUCKET/admin/admin.pem\r\naws s3 cp /root/.kube/config s3://\\$S3_BUCKET/admin/config\r\n\r\ncat \u003e /etc/rc.local \u003c\u003cAOL\r\n#!/bin/sh -e\r\n#\r\nexit 0\r\nAOL\r\n\r\nchmod 755 /etc/rc.local\r\n\r\nEOL\r\n\r\nchmod 755 /startup.sh\r\n\r\nexport K8S_VERSION=1.7.3\r\nexport S3_BUCKET=venus.je-k8s-state\r\n\r\napt update -y\r\napt-get -y install  python-minimal python-six\r\n\r\ncurl -fsSL https://yum.dockerproject.org/gpg | apt-key add -\r\necho \"deb https://apt.dockerproject.org/repo ubuntu-xenial main\" \u003e sudo tee /etc/apt/sources.list.d/docker.list\r\n\r\napt update -y\r\necho \"install docker\"\r\napt install -y docker.io dkms\r\n\r\ncd ~\r\ngit clone https://github.com/apprenda/kubernetes-ovn-heterogeneous-cluster\r\ncd kubernetes-ovn-heterogeneous-cluster/deb\r\n\r\ndpkg -i openvswitch-common_2.7.2-1_amd64.deb \\\r\nopenvswitch-datapath-dkms_2.7.2-1_all.deb \\\r\nopenvswitch-switch_2.7.2-1_amd64.deb \\\r\novn-common_2.7.2-1_amd64.deb \\\r\novn-central_2.7.2-1_amd64.deb \\\r\novn-docker_2.7.2-1_amd64.deb \\\r\novn-host_2.7.2-1_amd64.deb \\\r\npython-openvswitch_2.7.2-1_all.deb\r\n\r\necho vport_geneve \u003e\u003e /etc/modules-load.d/modules.conf\r\n\r\ncurl -Lskj -o /usr/bin/kubectl https://storage.googleapis.com/kubernetes-release/release/v$K8S_VERSION/bin/linux/amd64/kubectl\r\nchmod +x /usr/bin/kubectl\r\n\r\napt install -y python-pip\r\npip install --upgrade pip\r\n\r\n\r\napt install awscli -y \r\n\r\ncat \u003e/etc/rc.local \u003c\u003cEOL\r\n#!/bin/sh -e\r\n#\r\nsudo /startup.sh \u003e /var/log/startup.log\r\nexit 0\r\nEOL\r\n\r\nchmod 755 /etc/rc.local\r\n\r\necho \"rebooting\"\r\nreboot\r\n",
                            "template": "#!/bin/bash\r\n\r\ncat \u003e/startup.sh \u003c\u003cEOL\r\n#!/bin/bash\r\nS3_BUCKET=${bucket_name}\r\nK8S_VERSION=1.7.3\r\nTUNNEL_MODE=geneve\r\nLOCAL_IP=$(ip addr | grep 'state UP' -A2 | tail -n1 | awk -F'[/ ]+' '{print $3}')\r\nMASTER_IP=$(ip addr | grep 'state UP' -A2 | tail -n1 | awk -F'[/ ]+' '{print $3}')\r\nHOSTNAME=`hostname`\r\nK8S_VERSION=1.7.3\r\nK8S_POD_SUBNET=10.244.0.0/16\r\nK8S_NODE_POD_SUBNET=10.244.1.0/24\r\nK8S_SERVICE_SUBNET=10.100.0.0/16\r\nK8S_API_SERVICE_IP=10.100.0.1\r\nK8S_DNS_VERSION=1.13.0\r\nK8S_DNS_SERVICE_IP=10.100.0.10\r\nK8S_DNS_DOMAIN=cluster.local\r\nETCD_VERSION=3.1.1\r\nMASTER_INTERNAL_IP=10.244.1.2\r\n\r\novn-nbctl set-connection ptcp:6641\r\novn-sbctl set-connection ptcp:6642\r\n\r\novs-vsctl set Open_vSwitch . external_ids:ovn-remote=\"tcp:\\$MASTER_IP:6642\" \\\r\n  external_ids:ovn-nb=\"tcp:\\$MASTER_IP:6641\" \\\r\n  external_ids:ovn-encap-ip=\"\\$LOCAL_IP\" \\\r\n  external_ids:ovn-encap-type=\"\\$TUNNEL_MODE\"\r\novs-vsctl get Open_vSwitch . external_ids\r\n\r\ncd ~/kubernetes-ovn-heterogeneous-cluster/master\r\n\r\nrm -rf tmp\r\nmkdir tmp\r\ncp -R make-certs openssl.cnf kubedns-* manifests systemd tmp/\r\n\r\n# The following is needed for now, because OVS can't route from pod network to node.\r\n\r\nsed -i\"*\" \"s|__K8S_VERSION__|\\$K8S_VERSION|g\" tmp/manifests/*.yaml\r\nsed -i\"*\" \"s|__K8S_VERSION__|\\$K8S_VERSION|g\" tmp/systemd/kubelet.service\r\nsed -i\"*\" \"s|__ETCD_VERSION__|\\$ETCD_VERSION|g\" tmp/systemd/etcd3.service\r\nsed -i\"*\" \"s|__MASTER_IP__|\\$MASTER_IP|g\" tmp/manifests/*.yaml\r\nsed -i\"*\" \"s|__MASTER_IP__|\\$MASTER_IP|g\" tmp/systemd/kubelet.service\r\nsed -i\"*\" \"s|__MASTER_IP__|\\$MASTER_IP|g\" tmp/openssl.cnf\r\nsed -i\"*\" \"s|__MASTER_INTERNAL_IP__|\\$MASTER_INTERNAL_IP|g\" tmp/manifests/*.yaml\r\nsed -i\"*\" \"s|__HOSTNAME__|\\$HOSTNAME|g\" tmp/systemd/kubelet.service\r\nsed -i\"*\" \"s|__HOSTNAME__|\\$HOSTNAME|g\" tmp/make-certs\r\nsed -i\"*\" \"s|__HOSTNAME__|\\$HOSTNAME|g\" tmp/openssl.cnf\r\nsed -i\"*\" \"s|__K8S_API_SERVICE_IP__|\\$K8S_API_SERVICE_IP|g\" tmp/openssl.cnf\r\nsed -i\"*\" \"s|__K8S_POD_SUBNET__|\\$K8S_POD_SUBNET|g\" tmp/manifests/*.yaml\r\nsed -i\"*\" \"s|__K8S_SERVICE_SUBNET__|\\$K8S_SERVICE_SUBNET|g\" tmp/manifests/*.yaml\r\nsed -i\"*\" \"s|__K8S_DNS_SERVICE_IP__|\\$K8S_DNS_SERVICE_IP|g\" tmp/systemd/kubelet.service\r\nsed -i\"*\" \"s|__K8S_DNS_DOMAIN__|\\$K8S_DNS_DOMAIN|g\" tmp/systemd/kubelet.service\r\nsed -i\"*\" \"s|__K8S_DNS_SERVICE_IP__|\\$K8S_DNS_SERVICE_IP|g\" tmp/kubedns-service.yaml\r\nsed -i\"*\" \"s|__K8S_DNS_VERSION__|\\$K8S_DNS_VERSION|g\" tmp/kubedns-deployment.yaml\r\nsed -i\"*\" \"s|__K8S_DNS_DOMAIN__|\\$K8S_DNS_DOMAIN|g\" tmp/*.*\r\n\r\ncp -R tmp/systemd/*.service /etc/systemd/system/\r\nsystemctl daemon-reload\r\nsystemctl enable etcd3\r\nsystemctl start etcd3\r\n\r\ncd tmp\r\nchmod +x make-certs\r\n./make-certs\r\ncd ..\r\n\r\nmkdir -p /etc/kubernetes\r\ncp -R tmp/manifests /etc/kubernetes/\r\n\r\nsystemctl enable kubelet\r\nsystemctl start kubelet\r\n\r\nkubectl config set-cluster default-cluster --server=https://\\$MASTER_IP --certificate-authority=/etc/kubernetes/tls/ca.pem\r\nkubectl config set-credentials default-admin --certificate-authority=/etc/kubernetes/tls/ca.pem --client-key=/etc/kubernetes/tls/admin-key.pem --client-certificate=/etc/kubernetes/tls/admin.pem\r\nkubectl config set-context local --cluster=default-cluster --user=default-admin\r\nkubectl config use-context local\r\n\r\n\r\nexport TOKEN=$(kubectl describe secret $(kubectl get secrets | grep default | cut -f1 -d ' ') | grep -E '^token' | cut -f2 -d':' | tr -d '\\t')\r\n\r\novs-vsctl set Open_vSwitch . external_ids:k8s-api-server=\"https://\\$MASTER_IP\" external_ids:k8s-api-token=\"\\$TOKEN\"\r\n\r\nln -fs /etc/kubernetes/tls/ca.pem /etc/openvswitch/k8s-ca.crt\r\n\r\nmkdir -p /opt/cni/bin \u0026\u0026 cd /opt/cni/bin\r\ncurl -Lskj -o cni.tar.gz https://github.com/containernetworking/cni/releases/download/v0.4.0/cni-v0.4.0.tgz\r\ntar zxf cni.tar.gz\r\nrm -f cni.tar.gz\r\n\r\ncd ~\r\ngit clone https://github.com/openvswitch/ovn-kubernetes\r\ncd ovn-kubernetes\r\n\r\npip install --upgrade --prefix=/usr/local --ignore-installed .\r\n\r\novn-k8s-overlay minion-init \\\r\n  --cluster-ip-subnet=\"\\$K8S_POD_SUBNET\" \\\r\n  --minion-switch-subnet=\"\\$K8S_NODE_POD_SUBNET\" \\\r\n  --node-name=\"\\$HOSTNAME\"\r\n\r\nsystemctl enable kubelet\r\nsystemctl start kubelet\r\n\r\necho \\$MASTER_IP \u003e /masterip\r\naws s3 cp /masterip s3://\\$S3_BUCKET/masterip\r\naws s3 cp /etc/kubernetes/tls/ca-key.pem s3://\\$S3_BUCKET/tls/ca-key.pem\r\naws s3 cp /etc/kubernetes/tls/ca.pem s3://\\$S3_BUCKET/tls/ca.pem\r\naws s3 cp /etc/kubernetes/tls/admin-key.pem s3://\\$S3_BUCKET/admin/admin-key.pem\r\naws s3 cp /etc/kubernetes/tls/admin.pem s3://\\$S3_BUCKET/admin/admin.pem\r\naws s3 cp /root/.kube/config s3://\\$S3_BUCKET/admin/config\r\n\r\ncat \u003e /etc/rc.local \u003c\u003cAOL\r\n#!/bin/sh -e\r\n#\r\nexit 0\r\nAOL\r\n\r\nchmod 755 /etc/rc.local\r\n\r\nEOL\r\n\r\nchmod 755 /startup.sh\r\n\r\nexport K8S_VERSION=1.7.3\r\nexport S3_BUCKET=${bucket_name}\r\n\r\napt update -y\r\napt-get -y install  python-minimal python-six\r\n\r\ncurl -fsSL https://yum.dockerproject.org/gpg | apt-key add -\r\necho \"deb https://apt.dockerproject.org/repo ubuntu-xenial main\" \u003e sudo tee /etc/apt/sources.list.d/docker.list\r\n\r\napt update -y\r\necho \"install docker\"\r\napt install -y docker.io dkms\r\n\r\ncd ~\r\ngit clone https://github.com/apprenda/kubernetes-ovn-heterogeneous-cluster\r\ncd kubernetes-ovn-heterogeneous-cluster/deb\r\n\r\ndpkg -i openvswitch-common_2.7.2-1_amd64.deb \\\r\nopenvswitch-datapath-dkms_2.7.2-1_all.deb \\\r\nopenvswitch-switch_2.7.2-1_amd64.deb \\\r\novn-common_2.7.2-1_amd64.deb \\\r\novn-central_2.7.2-1_amd64.deb \\\r\novn-docker_2.7.2-1_amd64.deb \\\r\novn-host_2.7.2-1_amd64.deb \\\r\npython-openvswitch_2.7.2-1_all.deb\r\n\r\necho vport_geneve \u003e\u003e /etc/modules-load.d/modules.conf\r\n\r\ncurl -Lskj -o /usr/bin/kubectl https://storage.googleapis.com/kubernetes-release/release/v$K8S_VERSION/bin/linux/amd64/kubectl\r\nchmod +x /usr/bin/kubectl\r\n\r\napt install -y python-pip\r\npip install --upgrade pip\r\n\r\n\r\napt install awscli -y \r\n\r\ncat \u003e/etc/rc.local \u003c\u003cEOL\r\n#!/bin/sh -e\r\n#\r\nsudo /startup.sh \u003e /var/log/startup.log\r\nexit 0\r\nEOL\r\n\r\nchmod 755 /etc/rc.local\r\n\r\necho \"rebooting\"\r\nreboot\r\n",
                            "vars.%": "1",
                            "vars.bucket_name": "venus.je-k8s-state"
                        },
                        "meta": {},
                        "tainted": false
                    },
                    "deposed": [],
                    "provider": ""
                },
                "local_file.master-startup-script": {
                    "type": "local_file",
                    "depends_on": [],
                    "primary": {
                        "id": "6ee0d1a59996792ada8f00e6b8300fe03e1629f6",
                        "attributes": {
                            "content": "#!/bin/bash    echo 'hello  venus.je-k8s-state'  ",
                            "filename": "foo.bar",
                            "id": "6ee0d1a59996792ada8f00e6b8300fe03e1629f6"
                        },
                        "meta": {},
                        "tainted": false
                    },
                    "deposed": [],
                    "provider": ""
                }
            },
            "depends_on": []
        }
    ]
}
